
Microsoft Visual Studio Solution File, Format Version 12.00
# Visual Studio Version 16
VisualStudioVersion = 16.0.32602.291
MinimumVisualStudioVersion = 10.0.40219.1
Project("{FAE04EC0-301F-11D3-BF4B-00C04F79EFBC}") = "1321 lab 13 cSharp", "1321 lab 13 cSharp\1321 lab 13 cSharp.csproj", "{93A0801C-391E-4A45-8453-024A07067085}"
EndProject
Global
	GlobalSection(SolutionConfigurationPlatforms) = preSolution
		Debug|Any CPU = Debug|Any CPU
		Release|Any CPU = Release|Any CPU
	EndGlobalSection
	GlobalSection(ProjectConfigurationPlatforms) = postSolution
		{93A0801C-391E-4A45-8453-024A07067085}.Debug|Any CPU.ActiveCfg = Debug|Any CPU
		{93A0801C-391E-4A45-8453-024A07067085}.Debug|Any CPU.Build.0 = Debug|Any CPU
		{93A0801C-391E-4A45-8453-024A07067085}.Release|Any CPU.ActiveCfg = Release|Any CPU
		{93A0801C-391E-4A45-8453-024A07067085}.Release|Any CPU.Build.0 = Release|Any CPU
	EndGlobalSection
	GlobalSection(SolutionProperties) = preSolution
		HideSolutionNode = FALSE
	EndGlobalSection
	GlobalSection(ExtensibilityGlobals) = postSolution
		SolutionGuid = {0F3BFCCC-8B03-4127-991D-EE77C441E808}
	EndGlobalSection
EndGlobal
